
Microsoft Visual Studio Solution File, Format Version 12.00
# Visual Studio Version 17
VisualStudioVersion = 17.3.32804.467
MinimumVisualStudioVersion = 10.0.40219.1
Project("{E24C65DC-7377-472B-9ABA-BC803B73C61A}") = "RockWeb", "RockWeb\", "{4D4C92BB-E1B4-40E1-A8D8-ABFB23431950}"
	ProjectSection(WebsiteProperties) = preProject
		TargetFrameworkMoniker = ".NETFramework,Version%3Dv4.7.2"
		ProjectReferences = "{5075c0bb-bcde-41ab-8dfb-ba1385c51bed}|com.paysley.Paysley.dll;{ccd5bfe3-b3f6-4dd9-8357-6893b44c8096}|org.rivervalley.Engagement.dll;{a5607433-18cf-4cd4-897d-bdddb7416539}|org.rivervalley.GLFunds.dll;{f00dd9d8-eba6-490c-9a1e-dc6e25f67de4}|org.rivervalley.GlobalTripChecklists.dll;{02b6ec8d-0d2c-4778-9347-dc63afb1a21d}|org.rivervalley.JobOffers.dll;{3976a998-02b8-4ae1-9f30-2b796860d45b}|org.rivervalley.Jobs.dll;{824d8f46-51d7-4cf7-b715-da0c1a9ed307}|org.rivervalley.LaborPool.dll;{b1f419e2-d20e-4b59-9c74-97c9b80c6e98}|org.rivervalley.PastorOnCall.dll;{71bfaeab-c7b5-4c82-8bb9-7b55ccee3472}|org.rivervalley.PatientIncidents.dll;{3cd74868-47ba-48ef-9fce-d5b4dfad3437}|org.rivervalley.PersonnelRequests.dll;{f0264a80-25ef-4553-914c-3b4a49bd7f3e}|org.rivervalley.PrayerDates.dll;{3c1d71fa-7564-4355-8797-1c89731ad2c4}|org.rivervalley.SampleProject_ComplexFields.dll;{3634eb25-6d3d-4f3b-8d88-9c0768ebc5cd}|org.rivervalley.SampleProject_DefinedValue.dll;{3aa2e918-500a-4c17-88cd-5ac7198bf58b}|org.rivervalley.SampleProject_SimpleFields.dll;{d6c9972e-e53c-42c0-8d26-6119150e88f5}|org.rivervalley.SampleProject_TwoDefinedValues.dll;"
		Debug.AspNetCompiler.VirtualPath = "/localhost_6229"
		Debug.AspNetCompiler.PhysicalPath = "RockWeb\"
		Debug.AspNetCompiler.TargetPath = "PrecompiledWeb\localhost_6229\"
		Debug.AspNetCompiler.Updateable = "true"
		Debug.AspNetCompiler.ForceOverwrite = "true"
		Debug.AspNetCompiler.FixedNames = "false"
		Debug.AspNetCompiler.Debug = "True"
		Release.AspNetCompiler.VirtualPath = "/localhost_6229"
		Release.AspNetCompiler.PhysicalPath = "RockWeb\"
		Release.AspNetCompiler.TargetPath = "PrecompiledWeb\localhost_6229\"
		Release.AspNetCompiler.Updateable = "true"
		Release.AspNetCompiler.ForceOverwrite = "true"
		Release.AspNetCompiler.FixedNames = "false"
		Release.AspNetCompiler.Debug = "False"
		VWDPort = "6229"
		SlnRelativePath = "RockWeb\"
	EndProjectSection
EndProject
Project("{FAE04EC0-301F-11D3-BF4B-00C04F79EFBC}") = "com.centralaz.SpiritualGifts", "com.centralaz.SpiritualGifts\com.centralaz.SpiritualGifts.csproj", "{91287F3C-D21A-44D6-92CC-0CBE9136113A}"
EndProject
Project("{FAE04EC0-301F-11D3-BF4B-00C04F79EFBC}") = "org.rivervalley.GLFunds", "org.rivervalley.GLFunds\org.rivervalley.GLFunds.csproj", "{A5607433-18CF-4CD4-897D-BDDDB7416539}"
EndProject
Project("{FAE04EC0-301F-11D3-BF4B-00C04F79EFBC}") = "org.rivervalley.GlobalTripChecklists", "org.rivervalley.GlobalTripChecklists\org.rivervalley.GlobalTripChecklists.csproj", "{F00DD9D8-EBA6-490C-9A1E-DC6E25F67DE4}"
EndProject
Project("{FAE04EC0-301F-11D3-BF4B-00C04F79EFBC}") = "org.rivervalley.JobOffers", "org.rivervalley.JobOffers\org.rivervalley.JobOffers.csproj", "{02B6EC8D-0D2C-4778-9347-DC63AFB1A21D}"
EndProject
Project("{FAE04EC0-301F-11D3-BF4B-00C04F79EFBC}") = "org.rivervalley.LaborPool", "org.rivervalley.LaborPool\org.rivervalley.LaborPool.csproj", "{824D8F46-51D7-4CF7-B715-DA0C1A9ED307}"
EndProject
Project("{FAE04EC0-301F-11D3-BF4B-00C04F79EFBC}") = "org.rivervalley.PastorOnCall", "org.rivervalley.PastorOnCall\org.rivervalley.PastorOnCall.csproj", "{B1F419E2-D20E-4B59-9C74-97C9B80C6E98}"
EndProject
Project("{FAE04EC0-301F-11D3-BF4B-00C04F79EFBC}") = "org.rivervalley.PatientIncidents", "org.rivervalley.PatientIncidents\org.rivervalley.PatientIncidents.csproj", "{71BFAEAB-C7B5-4C82-8BB9-7B55CCEE3472}"
EndProject
Project("{FAE04EC0-301F-11D3-BF4B-00C04F79EFBC}") = "org.rivervalley.PersonnelRequests", "org.rivervalley.PersonnelRequests\org.rivervalley.PersonnelRequests.csproj", "{3CD74868-47BA-48EF-9FCE-D5B4DFAD3437}"
EndProject
Project("{FAE04EC0-301F-11D3-BF4B-00C04F79EFBC}") = "org.rivervalley.PrayerDates", "org.rivervalley.PrayerDates\org.rivervalley.PrayerDates.csproj", "{F0264A80-25EF-4553-914C-3B4A49BD7F3E}"
EndProject
Project("{FAE04EC0-301F-11D3-BF4B-00C04F79EFBC}") = "org.rivervalley.SampleProject_ComplexFields", "org.rivervalley.SampleProject_ComplexFields\org.rivervalley.SampleProject_ComplexFields.csproj", "{3C1D71FA-7564-4355-8797-1C89731AD2C4}"
EndProject
Project("{FAE04EC0-301F-11D3-BF4B-00C04F79EFBC}") = "org.rivervalley.SampleProject_DefinedValue", "org.rivervalley.SampleProject_DefinedValue\org.rivervalley.SampleProject_DefinedValue.csproj", "{3634EB25-6D3D-4F3B-8D88-9C0768EBC5CD}"
EndProject
Project("{FAE04EC0-301F-11D3-BF4B-00C04F79EFBC}") = "org.rivervalley.SampleProject_SimpleFields", "org.rivervalley.SampleProject_SimpleFields\org.rivervalley.SampleProject_SimpleFields.csproj", "{3AA2E918-500A-4C17-88CD-5AC7198BF58B}"
EndProject
Project("{FAE04EC0-301F-11D3-BF4B-00C04F79EFBC}") = "org.rivervalley.SampleProject_TwoDefinedValues", "org.rivervalley.SampleProject_TwoDefinedValues\org.rivervalley.SampleProject_TwoDefinedValues.csproj", "{D6C9972E-E53C-42C0-8D26-6119150E88F5}"
EndProject
Project("{FAE04EC0-301F-11D3-BF4B-00C04F79EFBC}") = "org.rivervalley.Engagement", "org.rivervalley.Engagement\org.rivervalley.Engagement.csproj", "{CCD5BFE3-B3F6-4DD9-8357-6893B44C8096}"
EndProject
Project("{FAE04EC0-301F-11D3-BF4B-00C04F79EFBC}") = "com.paysley.Paysley", "com.paysley.Paysley\com.paysley.Paysley.csproj", "{5075C0BB-BCDE-41AB-8DFB-BA1385C51BED}"
EndProject
Project("{FAE04EC0-301F-11D3-BF4B-00C04F79EFBC}") = "org.rivervalley.Jobs", "org.rivervalley.Jobs\org.rivervalley.Jobs.csproj", "{3976A998-02B8-4AE1-9F30-2B796860D45B}"
EndProject
Global
	GlobalSection(SolutionConfigurationPlatforms) = preSolution
		Debug|Any CPU = Debug|Any CPU
		Release|Any CPU = Release|Any CPU
	EndGlobalSection
	GlobalSection(ProjectConfigurationPlatforms) = postSolution
		{4D4C92BB-E1B4-40E1-A8D8-ABFB23431950}.Debug|Any CPU.ActiveCfg = Debug|Any CPU
		{4D4C92BB-E1B4-40E1-A8D8-ABFB23431950}.Debug|Any CPU.Build.0 = Debug|Any CPU
		{4D4C92BB-E1B4-40E1-A8D8-ABFB23431950}.Release|Any CPU.ActiveCfg = Debug|Any CPU
		{4D4C92BB-E1B4-40E1-A8D8-ABFB23431950}.Release|Any CPU.Build.0 = Debug|Any CPU
		{91287F3C-D21A-44D6-92CC-0CBE9136113A}.Debug|Any CPU.ActiveCfg = Debug|Any CPU
		{91287F3C-D21A-44D6-92CC-0CBE9136113A}.Debug|Any CPU.Build.0 = Debug|Any CPU
		{91287F3C-D21A-44D6-92CC-0CBE9136113A}.Release|Any CPU.ActiveCfg = Release|Any CPU
		{91287F3C-D21A-44D6-92CC-0CBE9136113A}.Release|Any CPU.Build.0 = Release|Any CPU
		{A5607433-18CF-4CD4-897D-BDDDB7416539}.Debug|Any CPU.ActiveCfg = Debug|Any CPU
		{A5607433-18CF-4CD4-897D-BDDDB7416539}.Debug|Any CPU.Build.0 = Debug|Any CPU
		{A5607433-18CF-4CD4-897D-BDDDB7416539}.Release|Any CPU.ActiveCfg = Release|Any CPU
		{A5607433-18CF-4CD4-897D-BDDDB7416539}.Release|Any CPU.Build.0 = Release|Any CPU
		{F00DD9D8-EBA6-490C-9A1E-DC6E25F67DE4}.Debug|Any CPU.ActiveCfg = Debug|Any CPU
		{F00DD9D8-EBA6-490C-9A1E-DC6E25F67DE4}.Debug|Any CPU.Build.0 = Debug|Any CPU
		{F00DD9D8-EBA6-490C-9A1E-DC6E25F67DE4}.Release|Any CPU.ActiveCfg = Release|Any CPU
		{F00DD9D8-EBA6-490C-9A1E-DC6E25F67DE4}.Release|Any CPU.Build.0 = Release|Any CPU
		{02B6EC8D-0D2C-4778-9347-DC63AFB1A21D}.Debug|Any CPU.ActiveCfg = Debug|Any CPU
		{02B6EC8D-0D2C-4778-9347-DC63AFB1A21D}.Debug|Any CPU.Build.0 = Debug|Any CPU
		{02B6EC8D-0D2C-4778-9347-DC63AFB1A21D}.Release|Any CPU.ActiveCfg = Release|Any CPU
		{02B6EC8D-0D2C-4778-9347-DC63AFB1A21D}.Release|Any CPU.Build.0 = Release|Any CPU
		{824D8F46-51D7-4CF7-B715-DA0C1A9ED307}.Debug|Any CPU.ActiveCfg = Debug|Any CPU
		{824D8F46-51D7-4CF7-B715-DA0C1A9ED307}.Debug|Any CPU.Build.0 = Debug|Any CPU
		{824D8F46-51D7-4CF7-B715-DA0C1A9ED307}.Release|Any CPU.ActiveCfg = Release|Any CPU
		{824D8F46-51D7-4CF7-B715-DA0C1A9ED307}.Release|Any CPU.Build.0 = Release|Any CPU
		{B1F419E2-D20E-4B59-9C74-97C9B80C6E98}.Debug|Any CPU.ActiveCfg = Debug|Any CPU
		{B1F419E2-D20E-4B59-9C74-97C9B80C6E98}.Debug|Any CPU.Build.0 = Debug|Any CPU
		{B1F419E2-D20E-4B59-9C74-97C9B80C6E98}.Release|Any CPU.ActiveCfg = Release|Any CPU
		{B1F419E2-D20E-4B59-9C74-97C9B80C6E98}.Release|Any CPU.Build.0 = Release|Any CPU
		{71BFAEAB-C7B5-4C82-8BB9-7B55CCEE3472}.Debug|Any CPU.ActiveCfg = Debug|Any CPU
		{71BFAEAB-C7B5-4C82-8BB9-7B55CCEE3472}.Debug|Any CPU.Build.0 = Debug|Any CPU
		{71BFAEAB-C7B5-4C82-8BB9-7B55CCEE3472}.Release|Any CPU.ActiveCfg = Release|Any CPU
		{71BFAEAB-C7B5-4C82-8BB9-7B55CCEE3472}.Release|Any CPU.Build.0 = Release|Any CPU
		{3CD74868-47BA-48EF-9FCE-D5B4DFAD3437}.Debug|Any CPU.ActiveCfg = Debug|Any CPU
		{3CD74868-47BA-48EF-9FCE-D5B4DFAD3437}.Debug|Any CPU.Build.0 = Debug|Any CPU
		{3CD74868-47BA-48EF-9FCE-D5B4DFAD3437}.Release|Any CPU.ActiveCfg = Release|Any CPU
		{3CD74868-47BA-48EF-9FCE-D5B4DFAD3437}.Release|Any CPU.Build.0 = Release|Any CPU
		{F0264A80-25EF-4553-914C-3B4A49BD7F3E}.Debug|Any CPU.ActiveCfg = Debug|Any CPU
		{F0264A80-25EF-4553-914C-3B4A49BD7F3E}.Debug|Any CPU.Build.0 = Debug|Any CPU
		{F0264A80-25EF-4553-914C-3B4A49BD7F3E}.Release|Any CPU.ActiveCfg = Release|Any CPU
		{F0264A80-25EF-4553-914C-3B4A49BD7F3E}.Release|Any CPU.Build.0 = Release|Any CPU
		{3C1D71FA-7564-4355-8797-1C89731AD2C4}.Debug|Any CPU.ActiveCfg = Debug|Any CPU
		{3C1D71FA-7564-4355-8797-1C89731AD2C4}.Debug|Any CPU.Build.0 = Debug|Any CPU
		{3C1D71FA-7564-4355-8797-1C89731AD2C4}.Release|Any CPU.ActiveCfg = Release|Any CPU
		{3C1D71FA-7564-4355-8797-1C89731AD2C4}.Release|Any CPU.Build.0 = Release|Any CPU
		{3634EB25-6D3D-4F3B-8D88-9C0768EBC5CD}.Debug|Any CPU.ActiveCfg = Debug|Any CPU
		{3634EB25-6D3D-4F3B-8D88-9C0768EBC5CD}.Debug|Any CPU.Build.0 = Debug|Any CPU
		{3634EB25-6D3D-4F3B-8D88-9C0768EBC5CD}.Release|Any CPU.ActiveCfg = Release|Any CPU
		{3634EB25-6D3D-4F3B-8D88-9C0768EBC5CD}.Release|Any CPU.Build.0 = Release|Any CPU
		{3AA2E918-500A-4C17-88CD-5AC7198BF58B}.Debug|Any CPU.ActiveCfg = Debug|Any CPU
		{3AA2E918-500A-4C17-88CD-5AC7198BF58B}.Debug|Any CPU.Build.0 = Debug|Any CPU
		{3AA2E918-500A-4C17-88CD-5AC7198BF58B}.Release|Any CPU.ActiveCfg = Release|Any CPU
		{3AA2E918-500A-4C17-88CD-5AC7198BF58B}.Release|Any CPU.Build.0 = Release|Any CPU
		{D6C9972E-E53C-42C0-8D26-6119150E88F5}.Debug|Any CPU.ActiveCfg = Debug|Any CPU
		{D6C9972E-E53C-42C0-8D26-6119150E88F5}.Debug|Any CPU.Build.0 = Debug|Any CPU
		{D6C9972E-E53C-42C0-8D26-6119150E88F5}.Release|Any CPU.ActiveCfg = Release|Any CPU
		{D6C9972E-E53C-42C0-8D26-6119150E88F5}.Release|Any CPU.Build.0 = Release|Any CPU
		{CCD5BFE3-B3F6-4DD9-8357-6893B44C8096}.Debug|Any CPU.ActiveCfg = Debug|Any CPU
		{CCD5BFE3-B3F6-4DD9-8357-6893B44C8096}.Debug|Any CPU.Build.0 = Debug|Any CPU
		{CCD5BFE3-B3F6-4DD9-8357-6893B44C8096}.Release|Any CPU.ActiveCfg = Release|Any CPU
		{CCD5BFE3-B3F6-4DD9-8357-6893B44C8096}.Release|Any CPU.Build.0 = Release|Any CPU
		{5075C0BB-BCDE-41AB-8DFB-BA1385C51BED}.Debug|Any CPU.ActiveCfg = Debug|Any CPU
		{5075C0BB-BCDE-41AB-8DFB-BA1385C51BED}.Debug|Any CPU.Build.0 = Debug|Any CPU
		{5075C0BB-BCDE-41AB-8DFB-BA1385C51BED}.Release|Any CPU.ActiveCfg = Release|Any CPU
		{5075C0BB-BCDE-41AB-8DFB-BA1385C51BED}.Release|Any CPU.Build.0 = Release|Any CPU
		{3976A998-02B8-4AE1-9F30-2B796860D45B}.Debug|Any CPU.ActiveCfg = Debug|Any CPU
		{3976A998-02B8-4AE1-9F30-2B796860D45B}.Debug|Any CPU.Build.0 = Debug|Any CPU
		{3976A998-02B8-4AE1-9F30-2B796860D45B}.Release|Any CPU.ActiveCfg = Release|Any CPU
		{3976A998-02B8-4AE1-9F30-2B796860D45B}.Release|Any CPU.Build.0 = Release|Any CPU
	EndGlobalSection
	GlobalSection(SolutionProperties) = preSolution
		HideSolutionNode = FALSE
	EndGlobalSection
	GlobalSection(ExtensibilityGlobals) = postSolution
		SolutionGuid = {4AB292D5-E5C8-4EDC-A9DA-5CB3B3AB919C}
	EndGlobalSection
EndGlobal
